
Microsoft Visual Studio Solution File, Format Version 12.00
# Visual Studio 15
VisualStudioVersion = 15.0.27004.2006
MinimumVisualStudioVersion = 10.0.40219.1
Project("{F2A71F9B-5D33-465A-A702-920D77279786}") = "BinaryClock.UI", "BinaryClock.UI\BinaryClock.UI.fsproj", "{74511BBB-BA12-41C0-9A2C-01CB713CF640}"
EndProject
Global
	GlobalSection(SolutionConfigurationPlatforms) = preSolution
		Debug|Any CPU = Debug|Any CPU
		Release|Any CPU = Release|Any CPU
	EndGlobalSection
	GlobalSection(ProjectConfigurationPlatforms) = postSolution
		{74511BBB-BA12-41C0-9A2C-01CB713CF640}.Debug|Any CPU.ActiveCfg = Debug|Any CPU
		{74511BBB-BA12-41C0-9A2C-01CB713CF640}.Debug|Any CPU.Build.0 = Debug|Any CPU
		{74511BBB-BA12-41C0-9A2C-01CB713CF640}.Release|Any CPU.ActiveCfg = Release|Any CPU
		{74511BBB-BA12-41C0-9A2C-01CB713CF640}.Release|Any CPU.Build.0 = Release|Any CPU
	EndGlobalSection
	GlobalSection(SolutionProperties) = preSolution
		HideSolutionNode = FALSE
	EndGlobalSection
	GlobalSection(ExtensibilityGlobals) = postSolution
		SolutionGuid = {5D9DE570-C4AF-4A7B-A14F-A4B348F6ADDA}
	EndGlobalSection
EndGlobal
